
Microsoft Visual Studio Solution File, Format Version 12.00
# Visual Studio Version 17
VisualStudioVersion = 17.11.35327.3
MinimumVisualStudioVersion = 10.0.40219.1
Project("{FAE04EC0-301F-11D3-BF4B-00C04F79EFBC}") = "DeansOffice", "DeansOffice\DeansOffice.csproj", "{EB15F4C6-AF61-400A-9ACC-DE083F03BC48}"
EndProject
Global
	GlobalSection(SolutionConfigurationPlatforms) = preSolution
		Debug|Any CPU = Debug|Any CPU
		Release|Any CPU = Release|Any CPU
	EndGlobalSection
	GlobalSection(ProjectConfigurationPlatforms) = postSolution
		{EB15F4C6-AF61-400A-9ACC-DE083F03BC48}.Debug|Any CPU.ActiveCfg = Debug|Any CPU
		{EB15F4C6-AF61-400A-9ACC-DE083F03BC48}.Debug|Any CPU.Build.0 = Debug|Any CPU
		{EB15F4C6-AF61-400A-9ACC-DE083F03BC48}.Release|Any CPU.ActiveCfg = Release|Any CPU
		{EB15F4C6-AF61-400A-9ACC-DE083F03BC48}.Release|Any CPU.Build.0 = Release|Any CPU
	EndGlobalSection
	GlobalSection(SolutionProperties) = preSolution
		HideSolutionNode = FALSE
	EndGlobalSection
	GlobalSection(ExtensibilityGlobals) = postSolution
		SolutionGuid = {CE860612-F890-41E4-A5A0-359F250868FD}
	EndGlobalSection
EndGlobal
